
Microsoft Visual Studio Solution File, Format Version 12.00
# Visual Studio Version 17
VisualStudioVersion = 17.1.32210.238
MinimumVisualStudioVersion = 10.0.40219.1
Project("{FAE04EC0-301F-11D3-BF4B-00C04F79EFBC}") = "MolnBaserade", "MolnBaserade\MolnBaserade.csproj", "{8A51A849-6BCF-472D-A90D-46C1741D37CD}"
EndProject
Global
	GlobalSection(SolutionConfigurationPlatforms) = preSolution
		Debug|Any CPU = Debug|Any CPU
		Release|Any CPU = Release|Any CPU
	EndGlobalSection
	GlobalSection(ProjectConfigurationPlatforms) = postSolution
		{8A51A849-6BCF-472D-A90D-46C1741D37CD}.Debug|Any CPU.ActiveCfg = Debug|Any CPU
		{8A51A849-6BCF-472D-A90D-46C1741D37CD}.Debug|Any CPU.Build.0 = Debug|Any CPU
		{8A51A849-6BCF-472D-A90D-46C1741D37CD}.Release|Any CPU.ActiveCfg = Release|Any CPU
		{8A51A849-6BCF-472D-A90D-46C1741D37CD}.Release|Any CPU.Build.0 = Release|Any CPU
	EndGlobalSection
	GlobalSection(SolutionProperties) = preSolution
		HideSolutionNode = FALSE
	EndGlobalSection
	GlobalSection(ExtensibilityGlobals) = postSolution
		SolutionGuid = {17630CAC-9D3F-493A-9112-7E30929A0C5F}
	EndGlobalSection
EndGlobal
